Microsoft Visual Studio Solution File, Format Version 12.00
# Visual Studio Version 17
VisualStudioVersion = 17.5.2.0
MinimumVisualStudioVersion = 10.0.40219.1
Project("{FAE04EC0-301F-11D3-BF4B-00C04F79EFBC}") = "DeezSpoTag.Services", "DeezSpoTag.Services\DeezSpoTag.Services.csproj", "{5FFBC120-8429-36A0-2116-4FAA40360F67}"
EndProject
Project("{FAE04EC0-301F-11D3-BF4B-00C04F79EFBC}") = "DeezSpoTag.Core", "DeezSpoTag.Core\DeezSpoTag.Core.csproj", "{171395E6-FCB8-5596-6FB2-6061EF0B67F1}"
EndProject
Project("{FAE04EC0-301F-11D3-BF4B-00C04F79EFBC}") = "DeezSpoTag.Web", "DeezSpoTag.Web\DeezSpoTag.Web.csproj", "{04C06EB5-70F4-E7B0-8052-5C6F9B7C57A4}"
EndProject
Project("{FAE04EC0-301F-11D3-BF4B-00C04F79EFBC}") = "DeezSpoTag.Integrations", "DeezSpoTag.Integrations\DeezSpoTag.Integrations.csproj", "{F4ED322F-0FB6-DD13-BF53-28CF3F456694}"
EndProject
Project("{FAE04EC0-301F-11D3-BF4B-00C04F79EFBC}") = "DeezSpoTag.Workers", "DeezSpoTag.Workers\DeezSpoTag.Workers.csproj", "{D1C57866-4240-729E-095A-787AE8141DA9}"
EndProject
Project("{FAE04EC0-301F-11D3-BF4B-00C04F79EFBC}") = "DeezSpoTag.API", "DeezSpoTag.API\DeezSpoTag.API.csproj", "{ABDABADF-2CEE-8AE3-CA9D-90CC4D8D5631}"
EndProject
Project("{FAE04EC0-301F-11D3-BF4B-00C04F79EFBC}") = "DeezSpoTag.Data", "DeezSpoTag.Data\DeezSpoTag.Data.csproj", "{F2E4B9B1-2834-4F3F-C522-E296C8147885}"
EndProject
Global
	GlobalSection(SolutionConfigurationPlatforms) = preSolution
		Debug|Any CPU = Debug|Any CPU
		Release|Any CPU = Release|Any CPU
	EndGlobalSection
	GlobalSection(ProjectConfigurationPlatforms) = postSolution
		{5FFBC120-8429-36A0-2116-4FAA40360F67}.Debug|Any CPU.ActiveCfg = Debug|Any CPU
		{5FFBC120-8429-36A0-2116-4FAA40360F67}.Debug|Any CPU.Build.0 = Debug|Any CPU
		{5FFBC120-8429-36A0-2116-4FAA40360F67}.Release|Any CPU.ActiveCfg = Release|Any CPU
		{5FFBC120-8429-36A0-2116-4FAA40360F67}.Release|Any CPU.Build.0 = Release|Any CPU
		{171395E6-FCB8-5596-6FB2-6061EF0B67F1}.Debug|Any CPU.ActiveCfg = Debug|Any CPU
		{171395E6-FCB8-5596-6FB2-6061EF0B67F1}.Debug|Any CPU.Build.0 = Debug|Any CPU
		{171395E6-FCB8-5596-6FB2-6061EF0B67F1}.Release|Any CPU.ActiveCfg = Release|Any CPU
		{171395E6-FCB8-5596-6FB2-6061EF0B67F1}.Release|Any CPU.Build.0 = Release|Any CPU
		{04C06EB5-70F4-E7B0-8052-5C6F9B7C57A4}.Debug|Any CPU.ActiveCfg = Debug|Any CPU
		{04C06EB5-70F4-E7B0-8052-5C6F9B7C57A4}.Debug|Any CPU.Build.0 = Debug|Any CPU
		{04C06EB5-70F4-E7B0-8052-5C6F9B7C57A4}.Release|Any CPU.ActiveCfg = Release|Any CPU
		{04C06EB5-70F4-E7B0-8052-5C6F9B7C57A4}.Release|Any CPU.Build.0 = Release|Any CPU
		{F4ED322F-0FB6-DD13-BF53-28CF3F456694}.Debug|Any CPU.ActiveCfg = Debug|Any CPU
		{F4ED322F-0FB6-DD13-BF53-28CF3F456694}.Debug|Any CPU.Build.0 = Debug|Any CPU
		{F4ED322F-0FB6-DD13-BF53-28CF3F456694}.Release|Any CPU.ActiveCfg = Release|Any CPU
		{F4ED322F-0FB6-DD13-BF53-28CF3F456694}.Release|Any CPU.Build.0 = Release|Any CPU
		{D1C57866-4240-729E-095A-787AE8141DA9}.Debug|Any CPU.ActiveCfg = Debug|Any CPU
		{D1C57866-4240-729E-095A-787AE8141DA9}.Debug|Any CPU.Build.0 = Debug|Any CPU
		{D1C57866-4240-729E-095A-787AE8141DA9}.Release|Any CPU.ActiveCfg = Release|Any CPU
		{D1C57866-4240-729E-095A-787AE8141DA9}.Release|Any CPU.Build.0 = Release|Any CPU
		{ABDABADF-2CEE-8AE3-CA9D-90CC4D8D5631}.Debug|Any CPU.ActiveCfg = Debug|Any CPU
		{ABDABADF-2CEE-8AE3-CA9D-90CC4D8D5631}.Debug|Any CPU.Build.0 = Debug|Any CPU
		{ABDABADF-2CEE-8AE3-CA9D-90CC4D8D5631}.Release|Any CPU.ActiveCfg = Release|Any CPU
		{ABDABADF-2CEE-8AE3-CA9D-90CC4D8D5631}.Release|Any CPU.Build.0 = Release|Any CPU
		{F2E4B9B1-2834-4F3F-C522-E296C8147885}.Debug|Any CPU.ActiveCfg = Debug|Any CPU
		{F2E4B9B1-2834-4F3F-C522-E296C8147885}.Debug|Any CPU.Build.0 = Debug|Any CPU
		{F2E4B9B1-2834-4F3F-C522-E296C8147885}.Release|Any CPU.ActiveCfg = Release|Any CPU
		{F2E4B9B1-2834-4F3F-C522-E296C8147885}.Release|Any CPU.Build.0 = Release|Any CPU
	EndGlobalSection
	GlobalSection(SolutionProperties) = preSolution
		HideSolutionNode = FALSE
	EndGlobalSection
	GlobalSection(ExtensibilityGlobals) = postSolution
		SolutionGuid = {B380B3D7-F88C-434F-BD4E-E5F7DD954798}
	EndGlobalSection
EndGlobal
