github.com/Eyevinn/mp4ff v0.50.0 h1:vFlsvpQh5Jfz++cuaeTI90vbID5dAabebvvN/l9lom0=
github.com/Eyevinn/mp4ff v0.50.0/go.mod h1:hJNUUqOBryLAzUW9wpCJyw2HaI+TCd2rUPhafoS5lgg=
github.com/go-test/deep v1.1.0 h1:WOcxcdHcvdgThNXjw0t76K42FXTU7HpNQWHpA2HHNlg=
github.com/go-test/deep v1.1.0/go.mod h1:5C2ZWiW0ErCdrYzpqxLbTX7MG14M9iiw8DgHncVwcsE=
github.com/grafov/m3u8 v0.11.1 h1:igZ7EBIB2IAsPPazKwRKdbhxcoBKO3lO1UY57PZDeNA=
github.com/grafov/m3u8 v0.11.1/go.mod h1:nqzOkfBiZJENr52zTVd/Dcl03yzphIMbJqkXGu+u080=
github.com/itouakirai/mp4ff v0.0.0-20250930132656-98812935a1c7 h1:KhMNPs/FW9fsiei6qD8h07ArJqYjvpIjk1zqeyv06Xw=
github.com/itouakirai/mp4ff v0.0.0-20250930132656-98812935a1c7/go.mod h1:epcaTcHNf0fgnK8d2MP/gPQNji50kvZa9ZxzX06UOoA=
